// !$*UTF8*$!
{
	archiveVersion = 1;
	classes = {
	};
	objectVersion = 50;
	objects = {

/* Begin PBXBuildFile section */
		99C6550A2296F02100DAA2E6 /* AppDelegate.swift in Sources */ = {isa = PBXBuildFile; fileRef = 99C655092296F02100DAA2E6 /* AppDelegate.swift */; };
		99C6550C2296F02100DAA2E6 /* ViewController.swift in Sources */ = {isa = PBXBuildFile; fileRef = 99C6550B2296F02100DAA2E6 /* ViewController.swift */; };
		99C6550F2296F02100DAA2E6 /* Main.storyboard in Resources */ = {isa = PBXBuildFile; fileRef = 99C6550D2296F02100DAA2E6 /* Main.storyboard */; };
		99C655112296F02200DAA2E6 /* Assets.xcassets in Resources */ = {isa = PBXBuildFile; fileRef = 99C655102296F02200DAA2E6 /* Assets.xcassets */; };
		99C655142296F02200DAA2E6 /* LaunchScreen.storyboard in Resources */ = {isa = PBXBuildFile; fileRef = 99C655122296F02200DAA2E6 /* LaunchScreen.storyboard */; };
		99C6551C2296F59F00DAA2E6 /* CustomUI.swift in Sources */ = {isa = PBXBuildFile; fileRef = 99C6551B2296F59F00DAA2E6 /* CustomUI.swift */; };
/* End PBXBuildFile section */

/* Begin PBXFileReference section */
		99C655062296F02100DAA2E6 /* CC Poker.app */ = {isa = PBXFileReference; explicitFileType = wrapper.application; includeInIndex = 0; path = "CC Poker.app"; sourceTree = BUILT_PRODUCTS_DIR; };
		99C655092296F02100DAA2E6 /* AppDelegate.swift */ = {isa = PBXFileReference; lastKnownFileType = sourcecode.swift; path = AppDelegate.swift; sourceTree = "<group>"; };
		99C6550B2296F02100DAA2E6 /* ViewController.swift */ = {isa = PBXFileReference; lastKnownFileType = sourcecode.swift; path = ViewController.swift; sourceTree = "<group>"; };
		99C6550E2296F02100DAA2E6 /* Base */ = {isa = PBXFileReference; lastKnownFileType = file.storyboard; name = Base; path = Base.lproj/Main.storyboard; sourceTree = "<group>"; };
		99C655102296F02200DAA2E6 /* Assets.xcassets */ = {isa = PBXFileReference; lastKnownFileType = folder.assetcatalog; path = Assets.xcassets; sourceTree = "<group>"; };
		99C655132296F02200DAA2E6 /* Base */ = {isa = PBXFileReference; lastKnownFileType = file.storyboard; name = Base; path = Base.lproj/LaunchScreen.storyboard; sourceTree = "<group>"; };
		99C655152296F02200DAA2E6 /* Info.plist */ = {isa = PBXFileReference; lastKnownFileType = text.plist.xml; path = Info.plist; sourceTree = "<group>"; };
		99C6551B2296F59F00DAA2E6 /* CustomUI.swift */ = {isa = PBXFileReference; lastKnownFileType = sourcecode.swift; path = CustomUI.swift; sourceTree = "<group>"; };
/* End PBXFileReference section */

/* Begin PBXFrameworksBuildPhase section */
		99C655032296F02100DAA2E6 /* Frameworks */ = {
			isa = PBXFrameworksBuildPhase;
			buildActionMask = 2147483647;
			files = (
			);
			runOnlyForDeploymentPostprocessing = 0;
		};
/* End PBXFrameworksBuildPhase section */

/* Begin PBXGroup section */
		99C654FD2296F02100DAA2E6 = {
			isa = PBXGroup;
			children = (
				99C655082296F02100DAA2E6 /* CC Poker */,
				99C655072296F02100DAA2E6 /* Products */,
			);
			sourceTree = "<group>";
		};
		99C655072296F02100DAA2E6 /* Products */ = {
			isa = PBXGroup;
			children = (
				99C655062296F02100DAA2E6 /* CC Poker.app */,
			);
			name = Products;
			sourceTree = "<group>";
		};
		99C655082296F02100DAA2E6 /* CC Poker */ = {
			isa = PBXGroup;
			children = (
				99C655092296F02100DAA2E6 /* AppDelegate.swift */,
				99C6550B2296F02100DAA2E6 /* ViewController.swift */,
				99C6551B2296F59F00DAA2E6 /* CustomUI.swift */,
				99C6550D2296F02100DAA2E6 /* Main.storyboard */,
				99C655102296F02200DAA2E6 /* Assets.xcassets */,
				99C655122296F02200DAA2E6 /* LaunchScreen.storyboard */,
				99C655152296F02200DAA2E6 /* Info.plist */,
			);
			path = "CC Poker";
			sourceTree = "<group>";
		};
/* End PBXGroup section */

/* Begin PBXNativeTarget section */
		99C655052296F02100DAA2E6 /* CC Poker */ = {
			isa = PBXNativeTarget;
			buildConfigurationList = 99C655182296F02200DAA2E6 /* Build configuration list for PBXNativeTarget "CC Poker" */;
			buildPhases = (
				99C655022296F02100DAA2E6 /* Sources */,
				99C655032296F02100DAA2E6 /* Frameworks */,
				99C655042296F02100DAA2E6 /* Resources */,
			);
			buildRules = (
			);
			dependencies = (
			);
			name = "CC Poker";
			productName = "CC Poker";
			productReference = 99C655062296F02100DAA2E6 /* CC Poker.app */;
			productType = "com.apple.product-type.application";
		};
/* End PBXNativeTarget section */

/* Begin PBXProject section */
		99C654FE2296F02100DAA2E6 /* Project object */ = {
			isa = PBXProject;
			attributes = {
				LastSwiftUpdateCheck = 1020;
				LastUpgradeCheck = 1020;
				ORGANIZATIONNAME = "Ale Mohamad";
				TargetAttributes = {
					99C655052296F02100DAA2E6 = {
						CreatedOnToolsVersion = 10.2.1;
					};
				};
			};
			buildConfigurationList = 99C655012296F02100DAA2E6 /* Build configuration list for PBXProject "CC Poker" */;
			compatibilityVersion = "Xcode 9.3";
			developmentRegion = en;
			hasScannedForEncodings = 0;
			knownRegions = (
				en,
				Base,
			);
			mainGroup = 99C654FD2296F02100DAA2E6;
			productRefGroup = 99C655072296F02100DAA2E6 /* Products */;
			projectDirPath = "";
			projectRoot = "";
			targets = (
				99C655052296F02100DAA2E6 /* CC Poker */,
			);
		};
/* End PBXProject section */

/* Begin PBXResourcesBuildPhase section */
		99C655042296F02100DAA2E6 /* Resources */ = {
			isa = PBXResourcesBuildPhase;
			buildActionMask = 2147483647;
			files = (
				99C655142296F02200DAA2E6 /* LaunchScreen.storyboard in Resources */,
				99C655112296F02200DAA2E6 /* Assets.xcassets in Resources */,
				99C6550F2296F02100DAA2E6 /* Main.storyboard in Resources */,
			);
			runOnlyForDeploymentPostprocessing = 0;
		};
/* End PBXResourcesBuildPhase section */

/* Begin PBXSourcesBuildPhase section */
		99C655022296F02100DAA2E6 /* Sources */ = {
			isa = PBXSourcesBuildPhase;
			buildActionMask = 2147483647;
			files = (
				99C6551C2296F59F00DAA2E6 /* CustomUI.swift in Sources */,
				99C6550C2296F02100DAA2E6 /* ViewController.swift in Sources */,
				99C6550A2296F02100DAA2E6 /* AppDelegate.swift in Sources */,
			);
			runOnlyForDeploymentPostprocessing = 0;
		};
/* End PBXSourcesBuildPhase section */

/* Begin PBXVariantGroup section */
		99C6550D2296F02100DAA2E6 /* Main.storyboard */ = {
			isa = PBXVariantGroup;
			children = (
				99C6550E2296F02100DAA2E6 /* Base */,
			);
			name = Main.storyboard;
			sourceTree = "<group>";
		};
		99C655122296F02200DAA2E6 /* LaunchScreen.storyboard */ = {
			isa = PBXVariantGroup;
			children = (
				99C655132296F02200DAA2E6 /* Base */,
			);
			name = LaunchScreen.storyboard;
			sourceTree = "<group>";
		};
/* End PBXVariantGroup section */

/* Begin XCBuildConfiguration section */
		99C655162296F02200DAA2E6 /* Debug */ = {
			isa = XCBuildConfiguration;
			buildSettings = {
				ALWAYS_SEARCH_USER_PATHS = NO;
				CLANG_ANALYZER_NONNULL = YES;
				CLANG_ANALYZER_NUMBER_OBJECT_CONVERSION = YES_AGGRESSIVE;
				CLANG_CXX_LANGUAGE_STANDARD = "gnu++14";
				CLANG_CXX_LIBRARY = "libc++";
				CLANG_ENABLE_MODULES = YES;
				CLANG_ENABLE_OBJC_ARC = YES;
				CLANG_ENABLE_OBJC_WEAK = YES;
				CLANG_WARN_BLOCK_CAPTURE_AUTORELEASING = YES;
				CLANG_WARN_BOOL_CONVERSION = YES;
				CLANG_WARN_COMMA = YES;
				CLANG_WARN_CONSTANT_CONVERSION = YES;
				CLANG_WARN_DEPRECATED_OBJC_IMPLEMENTATIONS = YES;
				CLANG_WARN_DIRECT_OBJC_ISA_USAGE = YES_ERROR;
				CLANG_WARN_DOCUMENTATION_COMMENTS = YES;
				CLANG_WARN_EMPTY_BODY = YES;
				CLANG_WARN_ENUM_CONVERSION = YES;
				CLANG_WARN_INFINITE_RECURSION = YES;
				CLANG_WARN_INT_CONVERSION = YES;
				CLANG_WARN_NON_LITERAL_NULL_CONVERSION = YES;
				CLANG_WARN_OBJC_IMPLICIT_RETAIN_SELF = YES;
				CLANG_WARN_OBJC_LITERAL_CONVERSION = YES;
				CLANG_WARN_OBJC_ROOT_CLASS = YES_ERROR;
				CLANG_WARN_RANGE_LOOP_ANALYSIS = YES;
				CLANG_WARN_STRICT_PROTOTYPES = YES;
				CLANG_WARN_SUSPICIOUS_MOVE = YES;
				CLANG_WARN_UNGUARDED_AVAILABILITY = YES_AGGRESSIVE;
				CLANG_WARN_UNREACHABLE_CODE = YES;
				CLANG_WARN__DUPLICATE_METHOD_MATCH = YES;
				CODE_SIGN_IDENTITY = "iPhone Developer";
				COPY_PHASE_STRIP = NO;
				DEBUG_INFORMATION_FORMAT = dwarf;
				ENABLE_STRICT_OBJC_MSGSEND = YES;
				ENABLE_TESTABILITY = YES;
				GCC_C_LANGUAGE_STANDARD = gnu11;
				GCC_DYNAMIC_NO_PIC = NO;
				GCC_NO_COMMON_BLOCKS = YES;
				GCC_OPTIMIZATION_LEVEL = 0;
				GCC_PREPROCESSOR_DEFINITIONS = (
					"DEBUG=1",
					"$(inherited)",
				);
				GCC_WARN_64_TO_32_BIT_CONVERSION = YES;
				GCC_WARN_ABOUT_RETURN_TYPE = YES_ERROR;
				GCC_WARN_UNDECLARED_SELECTOR = YES;
				GCC_WARN_UNINITIALIZED_AUTOS = YES_AGGRESSIVE;
				GCC_WARN_UNUSED_FUNCTION = YES;
				GCC_WARN_UNUSED_VARIABLE = YES;
				IPHONEOS_DEPLOYMENT_TARGET = 12.2;
				MTL_ENABLE_DEBUG_INFO = INCLUDE_SOURCE;
				MTL_FAST_MATH = YES;
				ONLY_ACTIVE_ARCH = YES;
				SDKROOT = iphoneos;
				SWIFT_ACTIVE_COMPILATION_CONDITIONS = DEBUG;
				SWIFT_OPTIMIZATION_LEVEL = "-Onone";
			};
			name = Debug;
		};
		99C655172296F02200DAA2E6 /* Release */ = {
			isa = XCBuildConfiguration;
			buildSettings = {
				ALWAYS_SEARCH_USER_PATHS = NO;
				CLANG_ANALYZER_NONNULL = YES;
				CLANG_ANALYZER_NUMBER_OBJECT_CONVERSION = YES_AGGRESSIVE;
				CLANG_CXX_LANGUAGE_STANDARD = "gnu++14";
				CLANG_CXX_LIBRARY = "libc++";
				CLANG_ENABLE_MODULES = YES;
				CLANG_ENABLE_OBJC_ARC = YES;
				CLANG_ENABLE_OBJC_WEAK = YES;
				CLANG_WARN_BLOCK_CAPTURE_AUTORELEASING = YES;
				CLANG_WARN_BOOL_CONVERSION = YES;
				CLANG_WARN_COMMA = YES;
				CLANG_WARN_CONSTANT_CONVERSION = YES;
				CLANG_WARN_DEPRECATED_OBJC_IMPLEMENTATIONS = YES;
				CLANG_WARN_DIRECT_OBJC_ISA_USAGE = YES_ERROR;
				CLANG_WARN_DOCUMENTATION_COMMENTS = YES;
				CLANG_WARN_EMPTY_BODY = YES;
				CLANG_WARN_ENUM_CONVERSION = YES;
				CLANG_WARN_INFINITE_RECURSION = YES;
				CLANG_WARN_INT_CONVERSION = YES;
				CLANG_WARN_NON_LITERAL_NULL_CONVERSION = YES;
				CLANG_WARN_OBJC_IMPLICIT_RETAIN_SELF = YES;
				CLANG_WARN_OBJC_LITERAL_CONVERSION = YES;
				CLANG_WARN_OBJC_ROOT_CLASS = YES_ERROR;
				CLANG_WARN_RANGE_LOOP_ANALYSIS = YES;
				CLANG_WARN_STRICT_PROTOTYPES = YES;
				CLANG_WARN_SUSPICIOUS_MOVE = YES;
				CLANG_WARN_UNGUARDED_AVAILABILITY = YES_AGGRESSIVE;
				CLANG_WARN_UNREACHABLE_CODE = YES;
				CLANG_WARN__DUPLICATE_METHOD_MATCH = YES;
				CODE_SIGN_IDENTITY = "iPhone Developer";
				COPY_PHASE_STRIP = NO;
				DEBUG_INFORMATION_FORMAT = "dwarf-with-dsym";
				ENABLE_NS_ASSERTIONS = NO;
				ENABLE_STRICT_OBJC_MSGSEND = YES;
				GCC_C_LANGUAGE_STANDARD = gnu11;
				GCC_NO_COMMON_BLOCKS = YES;
				GCC_WARN_64_TO_32_BIT_CONVERSION = YES;
				GCC_WARN_ABOUT_RETURN_TYPE = YES_ERROR;
				GCC_WARN_UNDECLARED_SELECTOR = YES;
				GCC_WARN_UNINITIALIZED_AUTOS = YES_AGGRESSIVE;
				GCC_WARN_UNUSED_FUNCTION = YES;
				GCC_WARN_UNUSED_VARIABLE = YES;
				IPHONEOS_DEPLOYMENT_TARGET = 12.2;
				MTL_ENABLE_DEBUG_INFO = NO;
				MTL_FAST_MATH = YES;
				SDKROOT = iphoneos;
				SWIFT_COMPILATION_MODE = wholemodule;
				SWIFT_OPTIMIZATION_LEVEL = "-O";
				VALIDATE_PRODUCT = YES;
			};
			name = Release;
		};
		99C655192296F02200DAA2E6 /* Debug */ = {
			isa = XCBuildConfiguration;
			buildSettings = {
				ASSETCATALOG_COMPILER_APPICON_NAME = AppIcon;
				CODE_SIGN_STYLE = Automatic;
				DEVELOPMENT_TEAM = WCNR2RY47A;
				INFOPLIST_FILE = "CC Poker/Info.plist";
				LD_RUNPATH_SEARCH_PATHS = (
					"$(inherited)",
					"@executable_path/Frameworks",
				);
				PRODUCT_BUNDLE_IDENTIFIER = "com.alemohamad.CC-Poker";
				PRODUCT_NAME = "$(TARGET_NAME)";
				SWIFT_VERSION = 5.0;
				TARGETED_DEVICE_FAMILY = "1,2";
			};
			name = Debug;
		};
		99C6551A2296F02200DAA2E6 /* Release */ = {
			isa = XCBuildConfiguration;
			buildSettings = {
				ASSETCATALOG_COMPILER_APPICON_NAME = AppIcon;
				CODE_SIGN_STYLE = Automatic;
				DEVELOPMENT_TEAM = WCNR2RY47A;
				INFOPLIST_FILE = "CC Poker/Info.plist";
				LD_RUNPATH_SEARCH_PATHS = (
					"$(inherited)",
					"@executable_path/Frameworks",
				);
				PRODUCT_BUNDLE_IDENTIFIER = "com.alemohamad.CC-Poker";
				PRODUCT_NAME = "$(TARGET_NAME)";
				SWIFT_VERSION = 5.0;
				TARGETED_DEVICE_FAMILY = "1,2";
			};
			name = Release;
		};
/* End XCBuildConfiguration section */

/* Begin XCConfigurationList section */
		99C655012296F02100DAA2E6 /* Build configuration list for PBXProject "CC Poker" */ = {
			isa = XCConfigurationList;
			buildConfigurations = (
				99C655162296F02200DAA2E6 /* Debug */,
				99C655172296F02200DAA2E6 /* Release */,
			);
			defaultConfigurationIsVisible = 0;
			defaultConfigurationName = Release;
		};
		99C655182296F02200DAA2E6 /* Build configuration list for PBXNativeTarget "CC Poker" */ = {
			isa = XCConfigurationList;
			buildConfigurations = (
				99C655192296F02200DAA2E6 /* Debug */,
				99C6551A2296F02200DAA2E6 /* Release */,
			);
			defaultConfigurationIsVisible = 0;
			defaultConfigurationName = Release;
		};
/* End XCConfigurationList section */
	};
	rootObject = 99C654FE2296F02100DAA2E6 /* Project object */;
}
